
Microsoft Visual Studio Solution File, Format Version 12.00
# Visual Studio Version 17
VisualStudioVersion = 17.9.34714.143
MinimumVisualStudioVersion = 10.0.40219.1
Project("{9A19103F-16F7-4668-BE54-9A1E7A4F7556}") = "EFCore.Abstractions", "src\EFCore.Abstractions\EFCore.Abstractions.csproj", "{B9433688-A565-4CEA-A85A-5C1677657C6A}"
EndProject
Project("{9A19103F-16F7-4668-BE54-9A1E7A4F7556}") = "EFCore.Relational", "src\EFCore.Relational\EFCore.Relational.csproj", "{72A1F88F-3769-46EC-9165-6C68FCA84FB6}"
EndProject
Project("{2150E333-8FDC-42A3-9474-1A3956D46DE8}") = "src", "src", "{3ABE4188-EA4E-4B48-9A90-B9DD61391BC8}"
EndProject
Project("{2150E333-8FDC-42A3-9474-1A3956D46DE8}") = "EFCore", "EFCore", "{917FFDFC-A0E1-4768-ACCA-3CF684303C2C}"
EndProject
Project("{2150E333-8FDC-42A3-9474-1A3956D46DE8}") = "tests", "tests", "{31CC8379-CC00-4498-A9F1-44DE8A93DA90}"
EndProject
Project("{9A19103F-16F7-4668-BE54-9A1E7A4F7556}") = "EF.xUnit", "tests\EF.xUnit\EF.xUnit.csproj", "{290314E3-C005-447A-BEFC-94AA221FF53F}"
EndProject
Project("{9A19103F-16F7-4668-BE54-9A1E7A4F7556}") = "EFCore.Mysql", "src\EFCore.Mysql\EFCore.Mysql.csproj", "{C539375B-1659-4E7F-A819-070875165319}"
EndProject
Project("{9A19103F-16F7-4668-BE54-9A1E7A4F7556}") = "Peachol.AspNetCore", "src\Peachol.AspNetCore\Peachol.AspNetCore.csproj", "{4AF8CB3E-1201-4A8D-BDE5-3C23028D6D87}"
EndProject
Project("{9A19103F-16F7-4668-BE54-9A1E7A4F7556}") = "Peachol.Documentation", "src\Peachol.Documentation\Peachol.Documentation.csproj", "{AE0A33F5-0956-47BB-B066-3914B1DEA3DB}"
EndProject
Project("{9A19103F-16F7-4668-BE54-9A1E7A4F7556}") = "Peachol.NetCore", "src\Peachol.NetCore\Peachol.NetCore.csproj", "{39759B8C-119D-4DCA-86FF-BE49FFD5AED4}"
EndProject
Project("{9A19103F-16F7-4668-BE54-9A1E7A4F7556}") = "Peachol.xUnit", "tests\Peachol.xUnit\Peachol.xUnit.csproj", "{DDD631AC-41BB-4E40-BE4C-E011FC4EDF01}"
EndProject
Project("{9A19103F-16F7-4668-BE54-9A1E7A4F7556}") = "EFCore", "src\EFCore\EFCore.csproj", "{C23516AD-C15C-4073-9208-7E8037C10064}"
EndProject
Global
	GlobalSection(SolutionConfigurationPlatforms) = preSolution
		Debug|Any CPU = Debug|Any CPU
		Release|Any CPU = Release|Any CPU
	EndGlobalSection
	GlobalSection(ProjectConfigurationPlatforms) = postSolution
		{B9433688-A565-4CEA-A85A-5C1677657C6A}.Debug|Any CPU.ActiveCfg = Debug|Any CPU
		{B9433688-A565-4CEA-A85A-5C1677657C6A}.Debug|Any CPU.Build.0 = Debug|Any CPU
		{B9433688-A565-4CEA-A85A-5C1677657C6A}.Release|Any CPU.ActiveCfg = Release|Any CPU
		{B9433688-A565-4CEA-A85A-5C1677657C6A}.Release|Any CPU.Build.0 = Release|Any CPU
		{72A1F88F-3769-46EC-9165-6C68FCA84FB6}.Debug|Any CPU.ActiveCfg = Debug|Any CPU
		{72A1F88F-3769-46EC-9165-6C68FCA84FB6}.Debug|Any CPU.Build.0 = Debug|Any CPU
		{72A1F88F-3769-46EC-9165-6C68FCA84FB6}.Release|Any CPU.ActiveCfg = Release|Any CPU
		{72A1F88F-3769-46EC-9165-6C68FCA84FB6}.Release|Any CPU.Build.0 = Release|Any CPU
		{290314E3-C005-447A-BEFC-94AA221FF53F}.Debug|Any CPU.ActiveCfg = Debug|Any CPU
		{290314E3-C005-447A-BEFC-94AA221FF53F}.Debug|Any CPU.Build.0 = Debug|Any CPU
		{290314E3-C005-447A-BEFC-94AA221FF53F}.Release|Any CPU.ActiveCfg = Release|Any CPU
		{290314E3-C005-447A-BEFC-94AA221FF53F}.Release|Any CPU.Build.0 = Release|Any CPU
		{C539375B-1659-4E7F-A819-070875165319}.Debug|Any CPU.ActiveCfg = Debug|Any CPU
		{C539375B-1659-4E7F-A819-070875165319}.Debug|Any CPU.Build.0 = Debug|Any CPU
		{C539375B-1659-4E7F-A819-070875165319}.Release|Any CPU.ActiveCfg = Release|Any CPU
		{C539375B-1659-4E7F-A819-070875165319}.Release|Any CPU.Build.0 = Release|Any CPU
		{4AF8CB3E-1201-4A8D-BDE5-3C23028D6D87}.Debug|Any CPU.ActiveCfg = Debug|Any CPU
		{4AF8CB3E-1201-4A8D-BDE5-3C23028D6D87}.Debug|Any CPU.Build.0 = Debug|Any CPU
		{4AF8CB3E-1201-4A8D-BDE5-3C23028D6D87}.Release|Any CPU.ActiveCfg = Release|Any CPU
		{4AF8CB3E-1201-4A8D-BDE5-3C23028D6D87}.Release|Any CPU.Build.0 = Release|Any CPU
		{AE0A33F5-0956-47BB-B066-3914B1DEA3DB}.Debug|Any CPU.ActiveCfg = Debug|Any CPU
		{AE0A33F5-0956-47BB-B066-3914B1DEA3DB}.Debug|Any CPU.Build.0 = Debug|Any CPU
		{AE0A33F5-0956-47BB-B066-3914B1DEA3DB}.Release|Any CPU.ActiveCfg = Release|Any CPU
		{AE0A33F5-0956-47BB-B066-3914B1DEA3DB}.Release|Any CPU.Build.0 = Release|Any CPU
		{39759B8C-119D-4DCA-86FF-BE49FFD5AED4}.Debug|Any CPU.ActiveCfg = Debug|Any CPU
		{39759B8C-119D-4DCA-86FF-BE49FFD5AED4}.Debug|Any CPU.Build.0 = Debug|Any CPU
		{39759B8C-119D-4DCA-86FF-BE49FFD5AED4}.Release|Any CPU.ActiveCfg = Release|Any CPU
		{39759B8C-119D-4DCA-86FF-BE49FFD5AED4}.Release|Any CPU.Build.0 = Release|Any CPU
		{DDD631AC-41BB-4E40-BE4C-E011FC4EDF01}.Debug|Any CPU.ActiveCfg = Debug|Any CPU
		{DDD631AC-41BB-4E40-BE4C-E011FC4EDF01}.Debug|Any CPU.Build.0 = Debug|Any CPU
		{DDD631AC-41BB-4E40-BE4C-E011FC4EDF01}.Release|Any CPU.ActiveCfg = Release|Any CPU
		{DDD631AC-41BB-4E40-BE4C-E011FC4EDF01}.Release|Any CPU.Build.0 = Release|Any CPU
		{C23516AD-C15C-4073-9208-7E8037C10064}.Debug|Any CPU.ActiveCfg = Debug|Any CPU
		{C23516AD-C15C-4073-9208-7E8037C10064}.Debug|Any CPU.Build.0 = Debug|Any CPU
		{C23516AD-C15C-4073-9208-7E8037C10064}.Release|Any CPU.ActiveCfg = Release|Any CPU
		{C23516AD-C15C-4073-9208-7E8037C10064}.Release|Any CPU.Build.0 = Release|Any CPU
	EndGlobalSection
	GlobalSection(SolutionProperties) = preSolution
		HideSolutionNode = FALSE
	EndGlobalSection
	GlobalSection(NestedProjects) = preSolution
		{B9433688-A565-4CEA-A85A-5C1677657C6A} = {917FFDFC-A0E1-4768-ACCA-3CF684303C2C}
		{72A1F88F-3769-46EC-9165-6C68FCA84FB6} = {917FFDFC-A0E1-4768-ACCA-3CF684303C2C}
		{917FFDFC-A0E1-4768-ACCA-3CF684303C2C} = {3ABE4188-EA4E-4B48-9A90-B9DD61391BC8}
		{290314E3-C005-447A-BEFC-94AA221FF53F} = {31CC8379-CC00-4498-A9F1-44DE8A93DA90}
		{C539375B-1659-4E7F-A819-070875165319} = {917FFDFC-A0E1-4768-ACCA-3CF684303C2C}
		{4AF8CB3E-1201-4A8D-BDE5-3C23028D6D87} = {3ABE4188-EA4E-4B48-9A90-B9DD61391BC8}
		{AE0A33F5-0956-47BB-B066-3914B1DEA3DB} = {3ABE4188-EA4E-4B48-9A90-B9DD61391BC8}
		{39759B8C-119D-4DCA-86FF-BE49FFD5AED4} = {3ABE4188-EA4E-4B48-9A90-B9DD61391BC8}
		{DDD631AC-41BB-4E40-BE4C-E011FC4EDF01} = {31CC8379-CC00-4498-A9F1-44DE8A93DA90}
		{C23516AD-C15C-4073-9208-7E8037C10064} = {917FFDFC-A0E1-4768-ACCA-3CF684303C2C}
	EndGlobalSection
	GlobalSection(ExtensibilityGlobals) = postSolution
		SolutionGuid = {FF47175E-C01E-4017-AE6A-27A1EE271643}
	EndGlobalSection
EndGlobal
