
Microsoft Visual Studio Solution File, Format Version 12.00
# Visual Studio Version 17
VisualStudioVersion = 17.9.34714.143
MinimumVisualStudioVersion = 10.0.40219.1
Project("{9A19103F-16F7-4668-BE54-9A1E7A4F7556}") = "Peachol.Documentation", "src\Peachol.Documentation\Peachol.Documentation.csproj", "{7A23F742-538A-4DCD-9A85-A1EEF6945C05}"
EndProject
Project("{2150E333-8FDC-42A3-9474-1A3956D46DE8}") = "src", "src", "{3ABE4188-EA4E-4B48-9A90-B9DD61391BC8}"
EndProject
Project("{2150E333-8FDC-42A3-9474-1A3956D46DE8}") = "tests", "tests", "{31CC8379-CC00-4498-A9F1-44DE8A93DA90}"
EndProject
Project("{9A19103F-16F7-4668-BE54-9A1E7A4F7556}") = "Peachol.NetCore", "src\Peachol.NetCore\Peachol.NetCore.csproj", "{B001350E-04BB-48F4-B970-BA9B4DC863B5}"
EndProject
Project("{9A19103F-16F7-4668-BE54-9A1E7A4F7556}") = "Peachol.AspNetCore", "src\Peachol.AspNetCore\Peachol.AspNetCore.csproj", "{1C11FA7B-55F2-4122-8535-EE7178614635}"
EndProject
Project("{FAE04EC0-301F-11D3-BF4B-00C04F79EFBC}") = "Peachol.xUnit", "tests\Peachol.xUnit\Peachol.xUnit.csproj", "{1197A93D-A1B3-4C45-AEA5-4D66DE8728F4}"
EndProject
Global
	GlobalSection(SolutionConfigurationPlatforms) = preSolution
		Debug|Any CPU = Debug|Any CPU
		Release|Any CPU = Release|Any CPU
	EndGlobalSection
	GlobalSection(ProjectConfigurationPlatforms) = postSolution
		{7A23F742-538A-4DCD-9A85-A1EEF6945C05}.Debug|Any CPU.ActiveCfg = Debug|Any CPU
		{7A23F742-538A-4DCD-9A85-A1EEF6945C05}.Debug|Any CPU.Build.0 = Debug|Any CPU
		{7A23F742-538A-4DCD-9A85-A1EEF6945C05}.Release|Any CPU.ActiveCfg = Release|Any CPU
		{7A23F742-538A-4DCD-9A85-A1EEF6945C05}.Release|Any CPU.Build.0 = Release|Any CPU
		{B001350E-04BB-48F4-B970-BA9B4DC863B5}.Debug|Any CPU.ActiveCfg = Debug|Any CPU
		{B001350E-04BB-48F4-B970-BA9B4DC863B5}.Debug|Any CPU.Build.0 = Debug|Any CPU
		{B001350E-04BB-48F4-B970-BA9B4DC863B5}.Release|Any CPU.ActiveCfg = Release|Any CPU
		{B001350E-04BB-48F4-B970-BA9B4DC863B5}.Release|Any CPU.Build.0 = Release|Any CPU
		{1C11FA7B-55F2-4122-8535-EE7178614635}.Debug|Any CPU.ActiveCfg = Debug|Any CPU
		{1C11FA7B-55F2-4122-8535-EE7178614635}.Debug|Any CPU.Build.0 = Debug|Any CPU
		{1C11FA7B-55F2-4122-8535-EE7178614635}.Release|Any CPU.ActiveCfg = Release|Any CPU
		{1C11FA7B-55F2-4122-8535-EE7178614635}.Release|Any CPU.Build.0 = Release|Any CPU
		{1197A93D-A1B3-4C45-AEA5-4D66DE8728F4}.Debug|Any CPU.ActiveCfg = Debug|Any CPU
		{1197A93D-A1B3-4C45-AEA5-4D66DE8728F4}.Debug|Any CPU.Build.0 = Debug|Any CPU
		{1197A93D-A1B3-4C45-AEA5-4D66DE8728F4}.Release|Any CPU.ActiveCfg = Release|Any CPU
		{1197A93D-A1B3-4C45-AEA5-4D66DE8728F4}.Release|Any CPU.Build.0 = Release|Any CPU
	EndGlobalSection
	GlobalSection(SolutionProperties) = preSolution
		HideSolutionNode = FALSE
	EndGlobalSection
	GlobalSection(NestedProjects) = preSolution
		{7A23F742-538A-4DCD-9A85-A1EEF6945C05} = {3ABE4188-EA4E-4B48-9A90-B9DD61391BC8}
		{B001350E-04BB-48F4-B970-BA9B4DC863B5} = {3ABE4188-EA4E-4B48-9A90-B9DD61391BC8}
		{1C11FA7B-55F2-4122-8535-EE7178614635} = {3ABE4188-EA4E-4B48-9A90-B9DD61391BC8}
		{1197A93D-A1B3-4C45-AEA5-4D66DE8728F4} = {31CC8379-CC00-4498-A9F1-44DE8A93DA90}
	EndGlobalSection
	GlobalSection(ExtensibilityGlobals) = postSolution
		SolutionGuid = {FF47175E-C01E-4017-AE6A-27A1EE271643}
	EndGlobalSection
EndGlobal
